// !$*UTF8*$!
{
	archiveVersion = 1;
	classes = {
	};
	objectVersion = 56;
	objects = {

/* Begin PBXBuildFile section */
		A031138B29DFEDF9002901BA /* LocalNotificationApp.swift in Sources */ = {isa = PBXBuildFile; fileRef = A031138A29DFEDF9002901BA /* LocalNotificationApp.swift */; };
		A031138D29DFEDF9002901BA /* ContentView.swift in Sources */ = {isa = PBXBuildFile; fileRef = A031138C29DFEDF9002901BA /* ContentView.swift */; };
		A031138F29DFEDFA002901BA /* Assets.xcassets in Resources */ = {isa = PBXBuildFile; fileRef = A031138E29DFEDFA002901BA /* Assets.xcassets */; };
		A031139329DFEDFA002901BA /* Preview Assets.xcassets in Resources */ = {isa = PBXBuildFile; fileRef = A031139229DFEDFA002901BA /* Preview Assets.xcassets */; };
		A031139D29DFEDFA002901BA /* LocalNotificationTests.swift in Sources */ = {isa = PBXBuildFile; fileRef = A031139C29DFEDFA002901BA /* LocalNotificationTests.swift */; };
		A03113A729DFEDFA002901BA /* LocalNotificationUITests.swift in Sources */ = {isa = PBXBuildFile; fileRef = A03113A629DFEDFA002901BA /* LocalNotificationUITests.swift */; };
		A03113A929DFEDFA002901BA /* LocalNotificationUITestsLaunchTests.swift in Sources */ = {isa = PBXBuildFile; fileRef = A03113A829DFEDFA002901BA /* LocalNotificationUITestsLaunchTests.swift */; };
		A03113B629DFEEEA002901BA /* NotificationManager.swift in Sources */ = {isa = PBXBuildFile; fileRef = A03113B529DFEEEA002901BA /* NotificationManager.swift */; };
/* End PBXBuildFile section */

/* Begin PBXContainerItemProxy section */
		A031139929DFEDFA002901BA /* PBXContainerItemProxy */ = {
			isa = PBXContainerItemProxy;
			containerPortal = A031137F29DFEDF8002901BA /* Project object */;
			proxyType = 1;
			remoteGlobalIDString = A031138629DFEDF9002901BA;
			remoteInfo = LocalNotification;
		};
		A03113A329DFEDFA002901BA /* PBXContainerItemProxy */ = {
			isa = PBXContainerItemProxy;
			containerPortal = A031137F29DFEDF8002901BA /* Project object */;
			proxyType = 1;
			remoteGlobalIDString = A031138629DFEDF9002901BA;
			remoteInfo = LocalNotification;
		};
/* End PBXContainerItemProxy section */

/* Begin PBXFileReference section */
		A031138729DFEDF9002901BA /* LocalNotification.app */ = {isa = PBXFileReference; explicitFileType = wrapper.application; includeInIndex = 0; path = LocalNotification.app; sourceTree = BUILT_PRODUCTS_DIR; };
		A031138A29DFEDF9002901BA /* LocalNotificationApp.swift */ = {isa = PBXFileReference; lastKnownFileType = sourcecode.swift; path = LocalNotificationApp.swift; sourceTree = "<group>"; };
		A031138C29DFEDF9002901BA /* ContentView.swift */ = {isa = PBXFileReference; lastKnownFileType = sourcecode.swift; path = ContentView.swift; sourceTree = "<group>"; };
		A031138E29DFEDFA002901BA /* Assets.xcassets */ = {isa = PBXFileReference; lastKnownFileType = folder.assetcatalog; path = Assets.xcassets; sourceTree = "<group>"; };
		A031139029DFEDFA002901BA /* LocalNotification.entitlements */ = {isa = PBXFileReference; lastKnownFileType = text.plist.entitlements; path = LocalNotification.entitlements; sourceTree = "<group>"; };
		A031139229DFEDFA002901BA /* Preview Assets.xcassets */ = {isa = PBXFileReference; lastKnownFileType = folder.assetcatalog; path = "Preview Assets.xcassets"; sourceTree = "<group>"; };
		A031139829DFEDFA002901BA /* LocalNotificationTests.xctest */ = {isa = PBXFileReference; explicitFileType = wrapper.cfbundle; includeInIndex = 0; path = LocalNotificationTests.xctest; sourceTree = BUILT_PRODUCTS_DIR; };
		A031139C29DFEDFA002901BA /* LocalNotificationTests.swift */ = {isa = PBXFileReference; lastKnownFileType = sourcecode.swift; path = LocalNotificationTests.swift; sourceTree = "<group>"; };
		A03113A229DFEDFA002901BA /* LocalNotificationUITests.xctest */ = {isa = PBXFileReference; explicitFileType = wrapper.cfbundle; includeInIndex = 0; path = LocalNotificationUITests.xctest; sourceTree = BUILT_PRODUCTS_DIR; };
		A03113A629DFEDFA002901BA /* LocalNotificationUITests.swift */ = {isa = PBXFileReference; lastKnownFileType = sourcecode.swift; path = LocalNotificationUITests.swift; sourceTree = "<group>"; };
		A03113A829DFEDFA002901BA /* LocalNotificationUITestsLaunchTests.swift */ = {isa = PBXFileReference; lastKnownFileType = sourcecode.swift; path = LocalNotificationUITestsLaunchTests.swift; sourceTree = "<group>"; };
		A03113B529DFEEEA002901BA /* NotificationManager.swift */ = {isa = PBXFileReference; lastKnownFileType = sourcecode.swift; path = NotificationManager.swift; sourceTree = "<group>"; };
/* End PBXFileReference section */

/* Begin PBXFrameworksBuildPhase section */
		A031138429DFEDF9002901BA /* Frameworks */ = {
			isa = PBXFrameworksBuildPhase;
			buildActionMask = 2147483647;
			files = (
			);
			runOnlyForDeploymentPostprocessing = 0;
		};
		A031139529DFEDFA002901BA /* Frameworks */ = {
			isa = PBXFrameworksBuildPhase;
			buildActionMask = 2147483647;
			files = (
			);
			runOnlyForDeploymentPostprocessing = 0;
		};
		A031139F29DFEDFA002901BA /* Frameworks */ = {
			isa = PBXFrameworksBuildPhase;
			buildActionMask = 2147483647;
			files = (
			);
			runOnlyForDeploymentPostprocessing = 0;
		};
/* End PBXFrameworksBuildPhase section */

/* Begin PBXGroup section */
		A031137E29DFEDF8002901BA = {
			isa = PBXGroup;
			children = (
				A031138929DFEDF9002901BA /* LocalNotification */,
				A031139B29DFEDFA002901BA /* LocalNotificationTests */,
				A03113A529DFEDFA002901BA /* LocalNotificationUITests */,
				A031138829DFEDF9002901BA /* Products */,
			);
			sourceTree = "<group>";
		};
		A031138829DFEDF9002901BA /* Products */ = {
			isa = PBXGroup;
			children = (
				A031138729DFEDF9002901BA /* LocalNotification.app */,
				A031139829DFEDFA002901BA /* LocalNotificationTests.xctest */,
				A03113A229DFEDFA002901BA /* LocalNotificationUITests.xctest */,
			);
			name = Products;
			sourceTree = "<group>";
		};
		A031138929DFEDF9002901BA /* LocalNotification */ = {
			isa = PBXGroup;
			children = (
				A031138A29DFEDF9002901BA /* LocalNotificationApp.swift */,
				A031138C29DFEDF9002901BA /* ContentView.swift */,
				A03113B529DFEEEA002901BA /* NotificationManager.swift */,
				A031138E29DFEDFA002901BA /* Assets.xcassets */,
				A031139029DFEDFA002901BA /* LocalNotification.entitlements */,
				A031139129DFEDFA002901BA /* Preview Content */,
			);
			path = LocalNotification;
			sourceTree = "<group>";
		};
		A031139129DFEDFA002901BA /* Preview Content */ = {
			isa = PBXGroup;
			children = (
				A031139229DFEDFA002901BA /* Preview Assets.xcassets */,
			);
			path = "Preview Content";
			sourceTree = "<group>";
		};
		A031139B29DFEDFA002901BA /* LocalNotificationTests */ = {
			isa = PBXGroup;
			children = (
				A031139C29DFEDFA002901BA /* LocalNotificationTests.swift */,
			);
			path = LocalNotificationTests;
			sourceTree = "<group>";
		};
		A03113A529DFEDFA002901BA /* LocalNotificationUITests */ = {
			isa = PBXGroup;
			children = (
				A03113A629DFEDFA002901BA /* LocalNotificationUITests.swift */,
				A03113A829DFEDFA002901BA /* LocalNotificationUITestsLaunchTests.swift */,
			);
			path = LocalNotificationUITests;
			sourceTree = "<group>";
		};
/* End PBXGroup section */

/* Begin PBXNativeTarget section */
		A031138629DFEDF9002901BA /* LocalNotification */ = {
			isa = PBXNativeTarget;
			buildConfigurationList = A03113AC29DFEDFA002901BA /* Build configuration list for PBXNativeTarget "LocalNotification" */;
			buildPhases = (
				A031138329DFEDF9002901BA /* Sources */,
				A031138429DFEDF9002901BA /* Frameworks */,
				A031138529DFEDF9002901BA /* Resources */,
			);
			buildRules = (
			);
			dependencies = (
			);
			name = LocalNotification;
			productName = LocalNotification;
			productReference = A031138729DFEDF9002901BA /* LocalNotification.app */;
			productType = "com.apple.product-type.application";
		};
		A031139729DFEDFA002901BA /* LocalNotificationTests */ = {
			isa = PBXNativeTarget;
			buildConfigurationList = A03113AF29DFEDFA002901BA /* Build configuration list for PBXNativeTarget "LocalNotificationTests" */;
			buildPhases = (
				A031139429DFEDFA002901BA /* Sources */,
				A031139529DFEDFA002901BA /* Frameworks */,
				A031139629DFEDFA002901BA /* Resources */,
			);
			buildRules = (
			);
			dependencies = (
				A031139A29DFEDFA002901BA /* PBXTargetDependency */,
			);
			name = LocalNotificationTests;
			productName = LocalNotificationTests;
			productReference = A031139829DFEDFA002901BA /* LocalNotificationTests.xctest */;
			productType = "com.apple.product-type.bundle.unit-test";
		};
		A03113A129DFEDFA002901BA /* LocalNotificationUITests */ = {
			isa = PBXNativeTarget;
			buildConfigurationList = A03113B229DFEDFA002901BA /* Build configuration list for PBXNativeTarget "LocalNotificationUITests" */;
			buildPhases = (
				A031139E29DFEDFA002901BA /* Sources */,
				A031139F29DFEDFA002901BA /* Frameworks */,
				A03113A029DFEDFA002901BA /* Resources */,
			);
			buildRules = (
			);
			dependencies = (
				A03113A429DFEDFA002901BA /* PBXTargetDependency */,
			);
			name = LocalNotificationUITests;
			productName = LocalNotificationUITests;
			productReference = A03113A229DFEDFA002901BA /* LocalNotificationUITests.xctest */;
			productType = "com.apple.product-type.bundle.ui-testing";
		};
/* End PBXNativeTarget section */

/* Begin PBXProject section */
		A031137F29DFEDF8002901BA /* Project object */ = {
			isa = PBXProject;
			attributes = {
				BuildIndependentTargetsInParallel = 1;
				LastSwiftUpdateCheck = 1420;
				LastUpgradeCheck = 1420;
				TargetAttributes = {
					A031138629DFEDF9002901BA = {
						CreatedOnToolsVersion = 14.2;
					};
					A031139729DFEDFA002901BA = {
						CreatedOnToolsVersion = 14.2;
						TestTargetID = A031138629DFEDF9002901BA;
					};
					A03113A129DFEDFA002901BA = {
						CreatedOnToolsVersion = 14.2;
						TestTargetID = A031138629DFEDF9002901BA;
					};
				};
			};
			buildConfigurationList = A031138229DFEDF8002901BA /* Build configuration list for PBXProject "LocalNotification" */;
			compatibilityVersion = "Xcode 14.0";
			developmentRegion = en;
			hasScannedForEncodings = 0;
			knownRegions = (
				en,
				Base,
			);
			mainGroup = A031137E29DFEDF8002901BA;
			productRefGroup = A031138829DFEDF9002901BA /* Products */;
			projectDirPath = "";
			projectRoot = "";
			targets = (
				A031138629DFEDF9002901BA /* LocalNotification */,
				A031139729DFEDFA002901BA /* LocalNotificationTests */,
				A03113A129DFEDFA002901BA /* LocalNotificationUITests */,
			);
		};
/* End PBXProject section */

/* Begin PBXResourcesBuildPhase section */
		A031138529DFEDF9002901BA /* Resources */ = {
			isa = PBXResourcesBuildPhase;
			buildActionMask = 2147483647;
			files = (
				A031139329DFEDFA002901BA /* Preview Assets.xcassets in Resources */,
				A031138F29DFEDFA002901BA /* Assets.xcassets in Resources */,
			);
			runOnlyForDeploymentPostprocessing = 0;
		};
		A031139629DFEDFA002901BA /* Resources */ = {
			isa = PBXResourcesBuildPhase;
			buildActionMask = 2147483647;
			files = (
			);
			runOnlyForDeploymentPostprocessing = 0;
		};
		A03113A029DFEDFA002901BA /* Resources */ = {
			isa = PBXResourcesBuildPhase;
			buildActionMask = 2147483647;
			files = (
			);
			runOnlyForDeploymentPostprocessing = 0;
		};
/* End PBXResourcesBuildPhase section */

/* Begin PBXSourcesBuildPhase section */
		A031138329DFEDF9002901BA /* Sources */ = {
			isa = PBXSourcesBuildPhase;
			buildActionMask = 2147483647;
			files = (
				A03113B629DFEEEA002901BA /* NotificationManager.swift in Sources */,
				A031138D29DFEDF9002901BA /* ContentView.swift in Sources */,
				A031138B29DFEDF9002901BA /* LocalNotificationApp.swift in Sources */,
			);
			runOnlyForDeploymentPostprocessing = 0;
		};
		A031139429DFEDFA002901BA /* Sources */ = {
			isa = PBXSourcesBuildPhase;
			buildActionMask = 2147483647;
			files = (
				A031139D29DFEDFA002901BA /* LocalNotificationTests.swift in Sources */,
			);
			runOnlyForDeploymentPostprocessing = 0;
		};
		A031139E29DFEDFA002901BA /* Sources */ = {
			isa = PBXSourcesBuildPhase;
			buildActionMask = 2147483647;
			files = (
				A03113A729DFEDFA002901BA /* LocalNotificationUITests.swift in Sources */,
				A03113A929DFEDFA002901BA /* LocalNotificationUITestsLaunchTests.swift in Sources */,
			);
			runOnlyForDeploymentPostprocessing = 0;
		};
/* End PBXSourcesBuildPhase section */

/* Begin PBXTargetDependency section */
		A031139A29DFEDFA002901BA /* PBXTargetDependency */ = {
			isa = PBXTargetDependency;
			target = A031138629DFEDF9002901BA /* LocalNotification */;
			targetProxy = A031139929DFEDFA002901BA /* PBXContainerItemProxy */;
		};
		A03113A429DFEDFA002901BA /* PBXTargetDependency */ = {
			isa = PBXTargetDependency;
			target = A031138629DFEDF9002901BA /* LocalNotification */;
			targetProxy = A03113A329DFEDFA002901BA /* PBXContainerItemProxy */;
		};
/* End PBXTargetDependency section */

/* Begin XCBuildConfiguration section */
		A03113AA29DFEDFA002901BA /* Debug */ = {
			isa = XCBuildConfiguration;
			buildSettings = {
				ALWAYS_SEARCH_USER_PATHS = NO;
				CLANG_ANALYZER_NONNULL = YES;
				CLANG_ANALYZER_NUMBER_OBJECT_CONVERSION = YES_AGGRESSIVE;
				CLANG_CXX_LANGUAGE_STANDARD = "gnu++20";
				CLANG_ENABLE_MODULES = YES;
				CLANG_ENABLE_OBJC_ARC = YES;
				CLANG_ENABLE_OBJC_WEAK = YES;
				CLANG_WARN_BLOCK_CAPTURE_AUTORELEASING = YES;
				CLANG_WARN_BOOL_CONVERSION = YES;
				CLANG_WARN_COMMA = YES;
				CLANG_WARN_CONSTANT_CONVERSION = YES;
				CLANG_WARN_DEPRECATED_OBJC_IMPLEMENTATIONS = YES;
				CLANG_WARN_DIRECT_OBJC_ISA_USAGE = YES_ERROR;
				CLANG_WARN_DOCUMENTATION_COMMENTS = YES;
				CLANG_WARN_EMPTY_BODY = YES;
				CLANG_WARN_ENUM_CONVERSION = YES;
				CLANG_WARN_INFINITE_RECURSION = YES;
				CLANG_WARN_INT_CONVERSION = YES;
				CLANG_WARN_NON_LITERAL_NULL_CONVERSION = YES;
				CLANG_WARN_OBJC_IMPLICIT_RETAIN_SELF = YES;
				CLANG_WARN_OBJC_LITERAL_CONVERSION = YES;
				CLANG_WARN_OBJC_ROOT_CLASS = YES_ERROR;
				CLANG_WARN_QUOTED_INCLUDE_IN_FRAMEWORK_HEADER = YES;
				CLANG_WARN_RANGE_LOOP_ANALYSIS = YES;
				CLANG_WARN_STRICT_PROTOTYPES = YES;
				CLANG_WARN_SUSPICIOUS_MOVE = YES;
				CLANG_WARN_UNGUARDED_AVAILABILITY = YES_AGGRESSIVE;
				CLANG_WARN_UNREACHABLE_CODE = YES;
				CLANG_WARN__DUPLICATE_METHOD_MATCH = YES;
				COPY_PHASE_STRIP = NO;
				DEBUG_INFORMATION_FORMAT = dwarf;
				ENABLE_STRICT_OBJC_MSGSEND = YES;
				ENABLE_TESTABILITY = YES;
				GCC_C_LANGUAGE_STANDARD = gnu11;
				GCC_DYNAMIC_NO_PIC = NO;
				GCC_NO_COMMON_BLOCKS = YES;
				GCC_OPTIMIZATION_LEVEL = 0;
				GCC_PREPROCESSOR_DEFINITIONS = (
					"DEBUG=1",
					"$(inherited)",
				);
				GCC_WARN_64_TO_32_BIT_CONVERSION = YES;
				GCC_WARN_ABOUT_RETURN_TYPE = YES_ERROR;
				GCC_WARN_UNDECLARED_SELECTOR = YES;
				GCC_WARN_UNINITIALIZED_AUTOS = YES_AGGRESSIVE;
				GCC_WARN_UNUSED_FUNCTION = YES;
				GCC_WARN_UNUSED_VARIABLE = YES;
				MTL_ENABLE_DEBUG_INFO = INCLUDE_SOURCE;
				MTL_FAST_MATH = YES;
				ONLY_ACTIVE_ARCH = YES;
				SWIFT_ACTIVE_COMPILATION_CONDITIONS = DEBUG;
				SWIFT_OPTIMIZATION_LEVEL = "-Onone";
			};
			name = Debug;
		};
		A03113AB29DFEDFA002901BA /* Release */ = {
			isa = XCBuildConfiguration;
			buildSettings = {
				ALWAYS_SEARCH_USER_PATHS = NO;
				CLANG_ANALYZER_NONNULL = YES;
				CLANG_ANALYZER_NUMBER_OBJECT_CONVERSION = YES_AGGRESSIVE;
				CLANG_CXX_LANGUAGE_STANDARD = "gnu++20";
				CLANG_ENABLE_MODULES = YES;
				CLANG_ENABLE_OBJC_ARC = YES;
				CLANG_ENABLE_OBJC_WEAK = YES;
				CLANG_WARN_BLOCK_CAPTURE_AUTORELEASING = YES;
				CLANG_WARN_BOOL_CONVERSION = YES;
				CLANG_WARN_COMMA = YES;
				CLANG_WARN_CONSTANT_CONVERSION = YES;
				CLANG_WARN_DEPRECATED_OBJC_IMPLEMENTATIONS = YES;
				CLANG_WARN_DIRECT_OBJC_ISA_USAGE = YES_ERROR;
				CLANG_WARN_DOCUMENTATION_COMMENTS = YES;
				CLANG_WARN_EMPTY_BODY = YES;
				CLANG_WARN_ENUM_CONVERSION = YES;
				CLANG_WARN_INFINITE_RECURSION = YES;
				CLANG_WARN_INT_CONVERSION = YES;
				CLANG_WARN_NON_LITERAL_NULL_CONVERSION = YES;
				CLANG_WARN_OBJC_IMPLICIT_RETAIN_SELF = YES;
				CLANG_WARN_OBJC_LITERAL_CONVERSION = YES;
				CLANG_WARN_OBJC_ROOT_CLASS = YES_ERROR;
				CLANG_WARN_QUOTED_INCLUDE_IN_FRAMEWORK_HEADER = YES;
				CLANG_WARN_RANGE_LOOP_ANALYSIS = YES;
				CLANG_WARN_STRICT_PROTOTYPES = YES;
				CLANG_WARN_SUSPICIOUS_MOVE = YES;
				CLANG_WARN_UNGUARDED_AVAILABILITY = YES_AGGRESSIVE;
				CLANG_WARN_UNREACHABLE_CODE = YES;
				CLANG_WARN__DUPLICATE_METHOD_MATCH = YES;
				COPY_PHASE_STRIP = NO;
				DEBUG_INFORMATION_FORMAT = "dwarf-with-dsym";
				ENABLE_NS_ASSERTIONS = NO;
				ENABLE_STRICT_OBJC_MSGSEND = YES;
				GCC_C_LANGUAGE_STANDARD = gnu11;
				GCC_NO_COMMON_BLOCKS = YES;
				GCC_WARN_64_TO_32_BIT_CONVERSION = YES;
				GCC_WARN_ABOUT_RETURN_TYPE = YES_ERROR;
				GCC_WARN_UNDECLARED_SELECTOR = YES;
				GCC_WARN_UNINITIALIZED_AUTOS = YES_AGGRESSIVE;
				GCC_WARN_UNUSED_FUNCTION = YES;
				GCC_WARN_UNUSED_VARIABLE = YES;
				MTL_ENABLE_DEBUG_INFO = NO;
				MTL_FAST_MATH = YES;
				SWIFT_COMPILATION_MODE = wholemodule;
				SWIFT_OPTIMIZATION_LEVEL = "-O";
			};
			name = Release;
		};
		A03113AD29DFEDFA002901BA /* Debug */ = {
			isa = XCBuildConfiguration;
			buildSettings = {
				ASSETCATALOG_COMPILER_APPICON_NAME = AppIcon;
				ASSETCATALOG_COMPILER_GLOBAL_ACCENT_COLOR_NAME = AccentColor;
				CODE_SIGN_ENTITLEMENTS = LocalNotification/LocalNotification.entitlements;
				CODE_SIGN_STYLE = Automatic;
				CURRENT_PROJECT_VERSION = 1;
				DEVELOPMENT_ASSET_PATHS = "\"LocalNotification/Preview Content\"";
				ENABLE_PREVIEWS = YES;
				GENERATE_INFOPLIST_FILE = YES;
				"INFOPLIST_KEY_UIApplicationSceneManifest_Generation[sdk=iphoneos*]" = YES;
				"INFOPLIST_KEY_UIApplicationSceneManifest_Generation[sdk=iphonesimulator*]" = YES;
				"INFOPLIST_KEY_UIApplicationSupportsIndirectInputEvents[sdk=iphoneos*]" = YES;
				"INFOPLIST_KEY_UIApplicationSupportsIndirectInputEvents[sdk=iphonesimulator*]" = YES;
				"INFOPLIST_KEY_UILaunchScreen_Generation[sdk=iphoneos*]" = YES;
				"INFOPLIST_KEY_UILaunchScreen_Generation[sdk=iphonesimulator*]" = YES;
				"INFOPLIST_KEY_UIStatusBarStyle[sdk=iphoneos*]" = UIStatusBarStyleDefault;
				"INFOPLIST_KEY_UIStatusBarStyle[sdk=iphonesimulator*]" = UIStatusBarStyleDefault;
				INFOPLIST_KEY_UISupportedInterfaceOrientations_iPad = "UIInterfaceOrientationPortrait UIInterfaceOrientationPortraitUpsideDown UIInterfaceOrientationLandscapeLeft UIInterfaceOrientationLandscapeRight";
				INFOPLIST_KEY_UISupportedInterfaceOrientations_iPhone = "UIInterfaceOrientationPortrait UIInterfaceOrientationLandscapeLeft UIInterfaceOrientationLandscapeRight";
				IPHONEOS_DEPLOYMENT_TARGET = 16.2;
				LD_RUNPATH_SEARCH_PATHS = "@executable_path/Frameworks";
				"LD_RUNPATH_SEARCH_PATHS[sdk=macosx*]" = "@executable_path/../Frameworks";
				MACOSX_DEPLOYMENT_TARGET = 13.1;
				MARKETING_VERSION = 1.0;
				PRODUCT_BUNDLE_IDENTIFIER = com.cefalo.LocalNotification;
				PRODUCT_NAME = "$(TARGET_NAME)";
				SDKROOT = auto;
				SUPPORTED_PLATFORMS = "iphoneos iphonesimulator macosx";
				SWIFT_EMIT_LOC_STRINGS = YES;
				SWIFT_VERSION = 5.0;
				TARGETED_DEVICE_FAMILY = "1,2";
			};
			name = Debug;
		};
		A03113AE29DFEDFA002901BA /* Release */ = {
			isa = XCBuildConfiguration;
			buildSettings = {
				ASSETCATALOG_COMPILER_APPICON_NAME = AppIcon;
				ASSETCATALOG_COMPILER_GLOBAL_ACCENT_COLOR_NAME = AccentColor;
				CODE_SIGN_ENTITLEMENTS = LocalNotification/LocalNotification.entitlements;
				CODE_SIGN_STYLE = Automatic;
				CURRENT_PROJECT_VERSION = 1;
				DEVELOPMENT_ASSET_PATHS = "\"LocalNotification/Preview Content\"";
				ENABLE_PREVIEWS = YES;
				GENERATE_INFOPLIST_FILE = YES;
				"INFOPLIST_KEY_UIApplicationSceneManifest_Generation[sdk=iphoneos*]" = YES;
				"INFOPLIST_KEY_UIApplicationSceneManifest_Generation[sdk=iphonesimulator*]" = YES;
				"INFOPLIST_KEY_UIApplicationSupportsIndirectInputEvents[sdk=iphoneos*]" = YES;
				"INFOPLIST_KEY_UIApplicationSupportsIndirectInputEvents[sdk=iphonesimulator*]" = YES;
				"INFOPLIST_KEY_UILaunchScreen_Generation[sdk=iphoneos*]" = YES;
				"INFOPLIST_KEY_UILaunchScreen_Generation[sdk=iphonesimulator*]" = YES;
				"INFOPLIST_KEY_UIStatusBarStyle[sdk=iphoneos*]" = UIStatusBarStyleDefault;
				"INFOPLIST_KEY_UIStatusBarStyle[sdk=iphonesimulator*]" = UIStatusBarStyleDefault;
				INFOPLIST_KEY_UISupportedInterfaceOrientations_iPad = "UIInterfaceOrientationPortrait UIInterfaceOrientationPortraitUpsideDown UIInterfaceOrientationLandscapeLeft UIInterfaceOrientationLandscapeRight";
				INFOPLIST_KEY_UISupportedInterfaceOrientations_iPhone = "UIInterfaceOrientationPortrait UIInterfaceOrientationLandscapeLeft UIInterfaceOrientationLandscapeRight";
				IPHONEOS_DEPLOYMENT_TARGET = 16.2;
				LD_RUNPATH_SEARCH_PATHS = "@executable_path/Frameworks";
				"LD_RUNPATH_SEARCH_PATHS[sdk=macosx*]" = "@executable_path/../Frameworks";
				MACOSX_DEPLOYMENT_TARGET = 13.1;
				MARKETING_VERSION = 1.0;
				PRODUCT_BUNDLE_IDENTIFIER = com.cefalo.LocalNotification;
				PRODUCT_NAME = "$(TARGET_NAME)";
				SDKROOT = auto;
				SUPPORTED_PLATFORMS = "iphoneos iphonesimulator macosx";
				SWIFT_EMIT_LOC_STRINGS = YES;
				SWIFT_VERSION = 5.0;
				TARGETED_DEVICE_FAMILY = "1,2";
			};
			name = Release;
		};
		A03113B029DFEDFA002901BA /* Debug */ = {
			isa = XCBuildConfiguration;
			buildSettings = {
				ALWAYS_EMBED_SWIFT_STANDARD_LIBRARIES = YES;
				BUNDLE_LOADER = "$(TEST_HOST)";
				CODE_SIGN_STYLE = Automatic;
				CURRENT_PROJECT_VERSION = 1;
				GENERATE_INFOPLIST_FILE = YES;
				IPHONEOS_DEPLOYMENT_TARGET = 16.2;
				MACOSX_DEPLOYMENT_TARGET = 13.1;
				MARKETING_VERSION = 1.0;
				PRODUCT_BUNDLE_IDENTIFIER = com.cefalo.LocalNotificationTests;
				PRODUCT_NAME = "$(TARGET_NAME)";
				SDKROOT = auto;
				SUPPORTED_PLATFORMS = "iphoneos iphonesimulator macosx";
				SWIFT_EMIT_LOC_STRINGS = NO;
				SWIFT_VERSION = 5.0;
				TARGETED_DEVICE_FAMILY = "1,2";
				TEST_HOST = "$(BUILT_PRODUCTS_DIR)/LocalNotification.app/$(BUNDLE_EXECUTABLE_FOLDER_PATH)/LocalNotification";
			};
			name = Debug;
		};
		A03113B129DFEDFA002901BA /* Release */ = {
			isa = XCBuildConfiguration;
			buildSettings = {
				ALWAYS_EMBED_SWIFT_STANDARD_LIBRARIES = YES;
				BUNDLE_LOADER = "$(TEST_HOST)";
				CODE_SIGN_STYLE = Automatic;
				CURRENT_PROJECT_VERSION = 1;
				GENERATE_INFOPLIST_FILE = YES;
				IPHONEOS_DEPLOYMENT_TARGET = 16.2;
				MACOSX_DEPLOYMENT_TARGET = 13.1;
				MARKETING_VERSION = 1.0;
				PRODUCT_BUNDLE_IDENTIFIER = com.cefalo.LocalNotificationTests;
				PRODUCT_NAME = "$(TARGET_NAME)";
				SDKROOT = auto;
				SUPPORTED_PLATFORMS = "iphoneos iphonesimulator macosx";
				SWIFT_EMIT_LOC_STRINGS = NO;
				SWIFT_VERSION = 5.0;
				TARGETED_DEVICE_FAMILY = "1,2";
				TEST_HOST = "$(BUILT_PRODUCTS_DIR)/LocalNotification.app/$(BUNDLE_EXECUTABLE_FOLDER_PATH)/LocalNotification";
			};
			name = Release;
		};
		A03113B329DFEDFA002901BA /* Debug */ = {
			isa = XCBuildConfiguration;
			buildSettings = {
				ALWAYS_EMBED_SWIFT_STANDARD_LIBRARIES = YES;
				CODE_SIGN_STYLE = Automatic;
				CURRENT_PROJECT_VERSION = 1;
				GENERATE_INFOPLIST_FILE = YES;
				IPHONEOS_DEPLOYMENT_TARGET = 16.2;
				MACOSX_DEPLOYMENT_TARGET = 13.1;
				MARKETING_VERSION = 1.0;
				PRODUCT_BUNDLE_IDENTIFIER = com.cefalo.LocalNotificationUITests;
				PRODUCT_NAME = "$(TARGET_NAME)";
				SDKROOT = auto;
				SUPPORTED_PLATFORMS = "iphoneos iphonesimulator macosx";
				SWIFT_EMIT_LOC_STRINGS = NO;
				SWIFT_VERSION = 5.0;
				TARGETED_DEVICE_FAMILY = "1,2";
				TEST_TARGET_NAME = LocalNotification;
			};
			name = Debug;
		};
		A03113B429DFEDFA002901BA /* Release */ = {
			isa = XCBuildConfiguration;
			buildSettings = {
				ALWAYS_EMBED_SWIFT_STANDARD_LIBRARIES = YES;
				CODE_SIGN_STYLE = Automatic;
				CURRENT_PROJECT_VERSION = 1;
				GENERATE_INFOPLIST_FILE = YES;
				IPHONEOS_DEPLOYMENT_TARGET = 16.2;
				MACOSX_DEPLOYMENT_TARGET = 13.1;
				MARKETING_VERSION = 1.0;
				PRODUCT_BUNDLE_IDENTIFIER = com.cefalo.LocalNotificationUITests;
				PRODUCT_NAME = "$(TARGET_NAME)";
				SDKROOT = auto;
				SUPPORTED_PLATFORMS = "iphoneos iphonesimulator macosx";
				SWIFT_EMIT_LOC_STRINGS = NO;
				SWIFT_VERSION = 5.0;
				TARGETED_DEVICE_FAMILY = "1,2";
				TEST_TARGET_NAME = LocalNotification;
			};
			name = Release;
		};
/* End XCBuildConfiguration section */

/* Begin XCConfigurationList section */
		A031138229DFEDF8002901BA /* Build configuration list for PBXProject "LocalNotification" */ = {
			isa = XCConfigurationList;
			buildConfigurations = (
				A03113AA29DFEDFA002901BA /* Debug */,
				A03113AB29DFEDFA002901BA /* Release */,
			);
			defaultConfigurationIsVisible = 0;
			defaultConfigurationName = Release;
		};
		A03113AC29DFEDFA002901BA /* Build configuration list for PBXNativeTarget "LocalNotification" */ = {
			isa = XCConfigurationList;
			buildConfigurations = (
				A03113AD29DFEDFA002901BA /* Debug */,
				A03113AE29DFEDFA002901BA /* Release */,
			);
			defaultConfigurationIsVisible = 0;
			defaultConfigurationName = Release;
		};
		A03113AF29DFEDFA002901BA /* Build configuration list for PBXNativeTarget "LocalNotificationTests" */ = {
			isa = XCConfigurationList;
			buildConfigurations = (
				A03113B029DFEDFA002901BA /* Debug */,
				A03113B129DFEDFA002901BA /* Release */,
			);
			defaultConfigurationIsVisible = 0;
			defaultConfigurationName = Release;
		};
		A03113B229DFEDFA002901BA /* Build configuration list for PBXNativeTarget "LocalNotificationUITests" */ = {
			isa = XCConfigurationList;
			buildConfigurations = (
				A03113B329DFEDFA002901BA /* Debug */,
				A03113B429DFEDFA002901BA /* Release */,
			);
			defaultConfigurationIsVisible = 0;
			defaultConfigurationName = Release;
		};
/* End XCConfigurationList section */
	};
	rootObject = A031137F29DFEDF8002901BA /* Project object */;
}
